
Microsoft Visual Studio Solution File, Format Version 12.00
# Visual Studio Version 17
VisualStudioVersion = 17.13.35825.156
MinimumVisualStudioVersion = 10.0.40219.1
Project("{2150E333-8FDC-42A3-9474-1A3956D46DE8}") = "Solution Items", "Solution Items", "{8EC462FD-D22E-90A8-E5CE-7E832BA40C5D}"
	ProjectSection(SolutionItems) = preProject
		conquer\Conquest.html = conquer\Conquest.html
		scratch\FNAC.html = scratch\FNAC.html
		gamedevVSai\GDvsAI.html = gamedevVSai\GDvsAI.html
		index.html = index.html
		prototype1\Prototype1.html = prototype1\Prototype1.html
		prototype2\Prototype2.html = prototype2\Prototype2.html
		quantumwar\QuantumWar.html = quantumwar\QuantumWar.html
		redhorizon\RedHorizon.html = redhorizon\RedHorizon.html
		scratch\RepCommando.html = scratch\RepCommando.html
		RWITEW\RWITEW.html = RWITEW\RWITEW.html
		StyleSheet.css = StyleSheet.css
	EndProjectSection
EndProject
Global
	GlobalSection(SolutionProperties) = preSolution
		HideSolutionNode = FALSE
	EndGlobalSection
	GlobalSection(ExtensibilityGlobals) = postSolution
		SolutionGuid = {2EB48FF7-3F7B-4351-B437-DFCDA1F2590C}
	EndGlobalSection
EndGlobal
